<?xml version="1.0" encoding="UTF-8"?>
<Scheme
   LastUpgradeVersion = "0640"
   version = "1.8">
   <BuildAction
      parallelizeBuildables = "YES"
      buildImplicitDependencies = "YES">
      <PostActions>
         <ExecutionAction
            ActionType = "Xcode.IDEStandardExecutionActionsCore.ExecutionActionType.ShellScriptAction">
            <ActionContent
               title = "Run Script"
               scriptText = "#env &gt; /tmp/env-cd&#10;mkdir -p /Local/$USER/$CONFIGURATION&#10;rm -f /Local/$USER/$CONFIGURATION/$PRODUCT_NAME&#10;ln -s $TARGET_BUILD_DIR/$PRODUCT_NAME /Local/$USER/$CONFIGURATION&#10;">
               <EnvironmentBuildable>
                  <BuildableReference
                     BuildableIdentifier = "primary"
                     BlueprintIdentifier = "01EB825E13A590D9003EDE60"
                     BuildableName = "class-dump"
                     BlueprintName = "class-dump"
                     ReferencedContainer = "container:class-dump.xcodeproj">
                  </BuildableReference>
               </EnvironmentBuildable>
            </ActionContent>
         </ExecutionAction>
      </PostActions>
      <BuildActionEntries>
         <BuildActionEntry
            buildForTesting = "YES"
            buildForRunning = "YES"
            buildForProfiling = "YES"
            buildForArchiving = "YES"
            buildForAnalyzing = "YES">
            <BuildableReference
               BuildableIdentifier = "primary"
               BlueprintIdentifier = "01EB825E13A590D9003EDE60"
               BuildableName = "class-dump"
               BlueprintName = "class-dump"
               ReferencedContainer = "container:class-dump.xcodeproj">
            </BuildableReference>
         </BuildActionEntry>
      </BuildActionEntries>
   </BuildAction>
   <TestAction
      selectedDebuggerIdentifier = "Xcode.DebuggerFoundation.Debugger.LLDB"
      selectedLauncherIdentifier = "Xcode.DebuggerFoundation.Launcher.LLDB"
      shouldUseLaunchSchemeArgsEnv = "YES"
      buildConfiguration = "Debug">
      <Testables>
      </Testables>
      <MacroExpansion>
         <BuildableReference
            BuildableIdentifier = "primary"
            BlueprintIdentifier = "01EB825E13A590D9003EDE60"
            BuildableName = "class-dump"
            BlueprintName = "class-dump"
            ReferencedContainer = "container:class-dump.xcodeproj">
         </BuildableReference>
      </MacroExpansion>
   </TestAction>
   <LaunchAction
      selectedDebuggerIdentifier = "Xcode.DebuggerFoundation.Debugger.LLDB"
      selectedLauncherIdentifier = "Xcode.DebuggerFoundation.Launcher.LLDB"
      displayScaleIsEnabled = "NO"
      displayScale = "1.00"
      launchStyle = "0"
      useCustomWorkingDirectory = "NO"
      buildConfiguration = "Debug"
      ignoresPersistentStateOnLaunch = "NO"
      debugDocumentVersioning = "YES"
      allowLocationSimulation = "YES">
      <BuildableProductRunnable
         runnableDebuggingMode = "0">
         <BuildableReference
            BuildableIdentifier = "primary"
            BlueprintIdentifier = "01EB825E13A590D9003EDE60"
            BuildableName = "class-dump"
            BlueprintName = "class-dump"
            ReferencedContainer = "container:class-dump.xcodeproj">
         </BuildableReference>
      </BuildableProductRunnable>
      <CommandLineArguments>
         <CommandLineArgument
            argument = "~/Applications/Kindle.app"
            isEnabled = "NO">
         </CommandLineArgument>
         <CommandLineArgument
            argument = "/Users/nygard/Library/Developer/Xcode/DerivedData/NewApp5-eblpfarcajqhnmfwnhncmpmhsjog/Build/Products/Debug-iphoneos/NewApp5.app/NewApp5"
            isEnabled = "NO">
         </CommandLineArgument>
         <CommandLineArgument
            argument = "--arch armv7s"
            isEnabled = "NO">
         </CommandLineArgument>
         <CommandLineArgument
            argument = "/Applications/Utilities/Grab.app --arch x86_64"
            isEnabled = "NO">
         </CommandLineArgument>
         <CommandLineArgument
            argument = "/Users/nygard/Downloads/p/Principle.app"
            isEnabled = "YES">
         </CommandLineArgument>
         <CommandLineArgument
            argument = "/System/Library/Frameworks/Foundation.framework"
            isEnabled = "NO">
         </CommandLineArgument>
         <CommandLineArgument
            argument = "/Applications/Automator.app"
            isEnabled = "NO">
         </CommandLineArgument>
      </CommandLineArguments>
      <AdditionalOptions>
      </AdditionalOptions>
   </LaunchAction>
   <ProfileAction
      displayScaleIsEnabled = "NO"
      displayScale = "1.00"
      shouldUseLaunchSchemeArgsEnv = "NO"
      savedToolIdentifier = ""
      useCustomWorkingDirectory = "NO"
      buildConfiguration = "Release"
      debugDocumentVersioning = "YES">
      <BuildableProductRunnable
         runnableDebuggingMode = "0">
         <BuildableReference
            BuildableIdentifier = "primary"
            BlueprintIdentifier = "01EB825E13A590D9003EDE60"
            BuildableName = "class-dump"
            BlueprintName = "class-dump"
            ReferencedContainer = "container:class-dump.xcodeproj">
         </BuildableReference>
      </BuildableProductRunnable>
      <CommandLineArguments>
         <CommandLineArgument
            argument = "/System/Library/Frameworks/Foundation.framework"
            isEnabled = "YES">
         </CommandLineArgument>
      </CommandLineArguments>
   </ProfileAction>
   <AnalyzeAction
      buildConfiguration = "Debug">
   </AnalyzeAction>
   <ArchiveAction
      buildConfiguration = "Release"
      revealArchiveInOrganizer = "YES">
      <PreActions>
         <ExecutionAction
            ActionType = "Xcode.IDEStandardExecutionActionsCore.ExecutionActionType.ShellScriptAction">
            <ActionContent
               title = "Run Script"
               scriptText = "#!/bin/zsh&#10;&#10;env&#10;env &gt; /tmp/foobar&#10;sleep 15&#10;exit 99&#10;&#10;"
               shellToInvoke = "/bin/zsh">
               <EnvironmentBuildable>
                  <BuildableReference
                     BuildableIdentifier = "primary"
                     BlueprintIdentifier = "01EB825E13A590D9003EDE60"
                     BuildableName = "class-dump"
                     BlueprintName = "class-dump"
                     ReferencedContainer = "container:class-dump.xcodeproj">
                  </BuildableReference>
               </EnvironmentBuildable>
            </ActionContent>
         </ExecutionAction>
      </PreActions>
      <PostActions>
         <ExecutionAction
            ActionType = "Xcode.IDEStandardExecutionActionsCore.ExecutionActionType.ShellScriptAction">
            <ActionContent
               title = "Run Script"
               scriptText = "#!/bin/zsh&#10;&#10;env&#10;env &gt; /tmp/post.foobar&#10;sleep 15&#10;exit 31&#10;"
               shellToInvoke = "/bin/zsh">
               <EnvironmentBuildable>
                  <BuildableReference
                     BuildableIdentifier = "primary"
                     BlueprintIdentifier = "01EB825E13A590D9003EDE60"
                     BuildableName = "class-dump"
                     BlueprintName = "class-dump"
                     ReferencedContainer = "container:class-dump.xcodeproj">
                  </BuildableReference>
               </EnvironmentBuildable>
            </ActionContent>
         </ExecutionAction>
      </PostActions>
   </ArchiveAction>
</Scheme>
