// !$*UTF8*$!
{
	archiveVersion = 1;
	classes = {
	};
	objectVersion = 38;
	objects = {
		0114A4590405EB1600A8010A = {
			fileEncoding = 30;
			isa = PBXFileReference;
			path = "NSString-Extensions.h";
			refType = 4;
		};
		0114A45A0405EB1600A8010A = {
			fileEncoding = 30;
			isa = PBXFileReference;
			path = "NSString-Extensions.m";
			refType = 4;
		};
		0114A45B0405EB1600A8010A = {
			fileRef = 0114A4590405EB1600A8010A;
			isa = PBXBuildFile;
			settings = {
			};
		};
		0114A45C0405EB1600A8010A = {
			fileRef = 0114A45A0405EB1600A8010A;
			isa = PBXBuildFile;
			settings = {
			};
		};
		012131630070A3B1C697A12D = {
			buildRules = (
			);
			buildSettings = {
				COPY_PHASE_STRIP = NO;
				OPTIMIZATION_CFLAGS = "-O0";
			};
			isa = PBXBuildStyle;
			name = Development;
		};
		012131640070A3B1C697A12D = {
			buildRules = (
			);
			buildSettings = {
				COPY_PHASE_STRIP = YES;
			};
			isa = PBXBuildStyle;
			name = Deployment;
		};
		0174482D043BF8E000A8010A = {
			fileEncoding = 30;
			isa = PBXFileReference;
			path = CDSectionInfo.h;
			refType = 4;
		};
		0174482E043BF8E000A8010A = {
			fileEncoding = 30;
			isa = PBXFileReference;
			path = CDSectionInfo.m;
			refType = 4;
		};
		0174482F043BF8E000A8010A = {
			fileRef = 0174482D043BF8E000A8010A;
			isa = PBXBuildFile;
			settings = {
			};
		};
		01744830043BF8E000A8010A = {
			fileRef = 0174482E043BF8E000A8010A;
			isa = PBXBuildFile;
			settings = {
			};
		};
		019CC2F303DD10C100A8010A = {
			fileRef = 03070CB1FF009A5FC0A80A02;
			isa = PBXBuildFile;
			settings = {
			};
		};
		01CAEA35050E653200E28615 = {
			fileEncoding = 30;
			isa = PBXFileReference;
			path = CDTypeParser.h;
			refType = 4;
		};
		01CAEA36050E653200E28615 = {
			fileEncoding = 30;
			isa = PBXFileReference;
			path = CDTypeParser.m;
			refType = 4;
		};
		01CAEA37050E653200E28615 = {
			fileRef = 01CAEA35050E653200E28615;
			isa = PBXBuildFile;
			settings = {
			};
		};
		01CAEA38050E653200E28615 = {
			fileRef = 01CAEA36050E653200E28615;
			isa = PBXBuildFile;
			settings = {
			};
		};
//010
//011
//012
//013
//014
//030
//031
//032
//033
//034
		03070CA4FF009A5FC0A80A02 = {
			buildStyles = (
				012131630070A3B1C697A12D,
				012131640070A3B1C697A12D,
			);
			hasScannedForEncodings = 1;
			isa = PBXProject;
			mainGroup = 03070CA5FF009A5FC0A80A02;
			productRefGroup = 03070CA6FF009A5FC0A80A02;
			projectDirPath = "";
			targets = (
				03070CC9FF009A5FC0A80A02,
			);
		};
		03070CA5FF009A5FC0A80A02 = {
			children = (
				03070CA8FF009A5FC0A80A02,
				03070CBBFF009A5FC0A80A02,
				03070CC1FF009A5FC0A80A02,
				03070CC7FF009A5FC0A80A02,
				03070CA6FF009A5FC0A80A02,
			);
			isa = PBXGroup;
			name = "class-dump";
			refType = 4;
		};
		03070CA6FF009A5FC0A80A02 = {
			children = (
				09D3A82DFF9952EEC697A12D,
			);
			isa = PBXGroup;
			name = Products;
			refType = 4;
		};
		03070CA8FF009A5FC0A80A02 = {
			children = (
				03070CB3FF009A5FC0A80A02,
				03070CA9FF009A5FC0A80A02,
				0114A4590405EB1600A8010A,
				0114A45A0405EB1600A8010A,
				03070CB4FF009A5FC0A80A02,
				03070CAAFF009A5FC0A80A02,
				03070CB5FF009A5FC0A80A02,
				03070CABFF009A5FC0A80A02,
				03070CB6FF009A5FC0A80A02,
				03070CACFF009A5FC0A80A02,
				03070CB7FF009A5FC0A80A02,
				03070CADFF009A5FC0A80A02,
				03070CB8FF009A5FC0A80A02,
				03070CAEFF009A5FC0A80A02,
				03070CB9FF009A5FC0A80A02,
				03070CAFFF009A5FC0A80A02,
				0174482D043BF8E000A8010A,
				0174482E043BF8E000A8010A,
				01CAEA35050E653200E28615,
				01CAEA36050E653200E28615,
			);
			isa = PBXGroup;
			name = Classes;
			refType = 4;
		};
		03070CA9FF009A5FC0A80A02 = {
			fileEncoding = 4;
			isa = PBXFileReference;
			path = MappedFile.m;
			refType = 4;
		};
		03070CAAFF009A5FC0A80A02 = {
			fileEncoding = 4;
			isa = PBXFileReference;
			path = ObjcCategory.m;
			refType = 4;
		};
		03070CABFF009A5FC0A80A02 = {
			fileEncoding = 4;
			isa = PBXFileReference;
			path = ObjcClass.m;
			refType = 4;
		};
		03070CACFF009A5FC0A80A02 = {
			fileEncoding = 4;
			isa = PBXFileReference;
			path = ObjcIvar.m;
			refType = 4;
		};
		03070CADFF009A5FC0A80A02 = {
			fileEncoding = 4;
			isa = PBXFileReference;
			path = ObjcMethod.m;
			refType = 4;
		};
		03070CAEFF009A5FC0A80A02 = {
			fileEncoding = 4;
			isa = PBXFileReference;
			path = ObjcProtocol.m;
			refType = 4;
		};
		03070CAFFF009A5FC0A80A02 = {
			fileEncoding = 4;
			isa = PBXFileReference;
			path = ObjcThing.m;
			refType = 4;
		};
		03070CB1FF009A5FC0A80A02 = {
			fileEncoding = 4;
			isa = PBXFileReference;
			path = "class-dump.h";
			refType = 4;
		};
		03070CB2FF009A5FC0A80A02 = {
			fileEncoding = 4;
			isa = PBXFileReference;
			path = datatypes.h;
			refType = 4;
		};
		03070CB3FF009A5FC0A80A02 = {
			fileEncoding = 4;
			isa = PBXFileReference;
			path = MappedFile.h;
			refType = 4;
		};
		03070CB4FF009A5FC0A80A02 = {
			fileEncoding = 4;
			isa = PBXFileReference;
			path = ObjcCategory.h;
			refType = 4;
		};
		03070CB5FF009A5FC0A80A02 = {
			fileEncoding = 4;
			isa = PBXFileReference;
			path = ObjcClass.h;
			refType = 4;
		};
		03070CB6FF009A5FC0A80A02 = {
			fileEncoding = 4;
			isa = PBXFileReference;
			path = ObjcIvar.h;
			refType = 4;
		};
		03070CB7FF009A5FC0A80A02 = {
			fileEncoding = 4;
			isa = PBXFileReference;
			path = ObjcMethod.h;
			refType = 4;
		};
		03070CB8FF009A5FC0A80A02 = {
			fileEncoding = 4;
			isa = PBXFileReference;
			path = ObjcProtocol.h;
			refType = 4;
		};
		03070CB9FF009A5FC0A80A02 = {
			fileEncoding = 4;
			isa = PBXFileReference;
			path = ObjcThing.h;
			refType = 4;
		};
		03070CBBFF009A5FC0A80A02 = {
			children = (
				03070CB1FF009A5FC0A80A02,
				03070CBEFF009A5FC0A80A02,
				03070CB2FF009A5FC0A80A02,
				03070CBFFF009A5FC0A80A02,
				03070CBCFF009A5FC0A80A02,
				03070CBDFF009A5FC0A80A02,
			);
			isa = PBXGroup;
			name = "Other Sources";
			refType = 4;
		};
		03070CBCFF009A5FC0A80A02 = {
			fileEncoding = 4;
			isa = PBXFileReference;
			path = gram.y;
			refType = 4;
		};
		03070CBDFF009A5FC0A80A02 = {
			fileEncoding = 4;
			isa = PBXFileReference;
			path = lexer.c;
			refType = 4;
		};
		03070CBEFF009A5FC0A80A02 = {
			fileEncoding = 4;
			isa = PBXFileReference;
			path = "class-dump.m";
			refType = 4;
		};
		03070CBFFF009A5FC0A80A02 = {
			fileEncoding = 4;
			isa = PBXFileReference;
			path = datatypes.m;
			refType = 4;
		};
		03070CC1FF009A5FC0A80A02 = {
			children = (
			);
			isa = PBXGroup;
			name = "Supporting Files";
			refType = 4;
		};
		03070CC7FF009A5FC0A80A02 = {
			children = (
				03070CC8FF009A5FC0A80A02,
			);
			isa = PBXGroup;
			name = "External Frameworks and Libraries";
			refType = 4;
		};
		03070CC8FF009A5FC0A80A02 = {
			isa = PBXFrameworkReference;
			name = Foundation.framework;
			path = /System/Library/Frameworks/Foundation.framework;
			refType = 0;
		};
		03070CC9FF009A5FC0A80A02 = {
			buildPhases = (
				03070CCAFF009A5FC0A80A02,
				03070CD5FF009A5FC0A80A02,
				03070CE2FF009A5FC0A80A02,
				03070CE4FF009A5FC0A80A02,
			);
			buildSettings = {
				FRAMEWORK_SEARCH_PATHS = "";
				HEADER_SEARCH_PATHS = "";
				INSTALL_PATH = /usr/local/bin;
				LIBRARY_SEARCH_PATHS = "";
				OTHER_CFLAGS = "-DNS_TARGET_MAJOR=5";
				OTHER_LDFLAGS = "";
				OTHER_REZFLAGS = "";
				PRODUCT_NAME = "class-dump";
				REZ_EXECUTABLE = YES;
				SECTORDER_FLAGS = "";
				WARNING_CFLAGS = "-Wmost -Wno-four-char-constants -Wno-unknown-pragmas";
			};
			dependencies = (
			);
			isa = PBXToolTarget;
			name = "class-dump (Tool)";
			productInstallPath = /usr/local/bin;
			productName = "class-dump";
			productReference = 09D3A82DFF9952EEC697A12D;
		};
		03070CCAFF009A5FC0A80A02 = {
			buildActionMask = 2147483647;
			files = (
				03070CCCFF009A5FC0A80A02,
				03070CCDFF009A5FC0A80A02,
				03070CCEFF009A5FC0A80A02,
				03070CCFFF009A5FC0A80A02,
				03070CD0FF009A5FC0A80A02,
				03070CD1FF009A5FC0A80A02,
				03070CD2FF009A5FC0A80A02,
				03070CD3FF009A5FC0A80A02,
				019CC2F303DD10C100A8010A,
				0114A45B0405EB1600A8010A,
				0174482F043BF8E000A8010A,
				01CAEA37050E653200E28615,
			);
			isa = PBXHeadersBuildPhase;
			runOnlyForDeploymentPostprocessing = 0;
		};
		03070CCCFF009A5FC0A80A02 = {
			fileRef = 03070CB2FF009A5FC0A80A02;
			isa = PBXBuildFile;
			settings = {
			};
		};
		03070CCDFF009A5FC0A80A02 = {
			fileRef = 03070CB3FF009A5FC0A80A02;
			isa = PBXBuildFile;
			settings = {
			};
		};
		03070CCEFF009A5FC0A80A02 = {
			fileRef = 03070CB4FF009A5FC0A80A02;
			isa = PBXBuildFile;
			settings = {
			};
		};
		03070CCFFF009A5FC0A80A02 = {
			fileRef = 03070CB5FF009A5FC0A80A02;
			isa = PBXBuildFile;
			settings = {
			};
		};
		03070CD0FF009A5FC0A80A02 = {
			fileRef = 03070CB6FF009A5FC0A80A02;
			isa = PBXBuildFile;
			settings = {
			};
		};
		03070CD1FF009A5FC0A80A02 = {
			fileRef = 03070CB7FF009A5FC0A80A02;
			isa = PBXBuildFile;
			settings = {
			};
		};
		03070CD2FF009A5FC0A80A02 = {
			fileRef = 03070CB8FF009A5FC0A80A02;
			isa = PBXBuildFile;
			settings = {
			};
		};
		03070CD3FF009A5FC0A80A02 = {
			fileRef = 03070CB9FF009A5FC0A80A02;
			isa = PBXBuildFile;
			settings = {
			};
		};
		03070CD5FF009A5FC0A80A02 = {
			buildActionMask = 2147483647;
			files = (
				03070CD6FF009A5FC0A80A02,
				03070CD7FF009A5FC0A80A02,
				03070CD8FF009A5FC0A80A02,
				03070CD9FF009A5FC0A80A02,
				03070CDAFF009A5FC0A80A02,
				03070CDBFF009A5FC0A80A02,
				03070CDCFF009A5FC0A80A02,
				03070CDDFF009A5FC0A80A02,
				03070CDEFF009A5FC0A80A02,
				03070CDFFF009A5FC0A80A02,
				03070CE0FF009A5FC0A80A02,
				0114A45C0405EB1600A8010A,
				01744830043BF8E000A8010A,
				01CAEA38050E653200E28615,
			);
			isa = PBXSourcesBuildPhase;
			runOnlyForDeploymentPostprocessing = 0;
		};
		03070CD6FF009A5FC0A80A02 = {
			fileRef = 03070CA9FF009A5FC0A80A02;
			isa = PBXBuildFile;
			settings = {
				ATTRIBUTES = (
				);
			};
		};
		03070CD7FF009A5FC0A80A02 = {
			fileRef = 03070CAAFF009A5FC0A80A02;
			isa = PBXBuildFile;
			settings = {
				ATTRIBUTES = (
				);
			};
		};
		03070CD8FF009A5FC0A80A02 = {
			fileRef = 03070CABFF009A5FC0A80A02;
			isa = PBXBuildFile;
			settings = {
				ATTRIBUTES = (
				);
			};
		};
		03070CD9FF009A5FC0A80A02 = {
			fileRef = 03070CACFF009A5FC0A80A02;
			isa = PBXBuildFile;
			settings = {
				ATTRIBUTES = (
				);
			};
		};
		03070CDAFF009A5FC0A80A02 = {
			fileRef = 03070CADFF009A5FC0A80A02;
			isa = PBXBuildFile;
			settings = {
				ATTRIBUTES = (
				);
			};
		};
		03070CDBFF009A5FC0A80A02 = {
			fileRef = 03070CAEFF009A5FC0A80A02;
			isa = PBXBuildFile;
			settings = {
				ATTRIBUTES = (
				);
			};
		};
		03070CDCFF009A5FC0A80A02 = {
			fileRef = 03070CAFFF009A5FC0A80A02;
			isa = PBXBuildFile;
			settings = {
				ATTRIBUTES = (
				);
			};
		};
		03070CDDFF009A5FC0A80A02 = {
			fileRef = 03070CBCFF009A5FC0A80A02;
			isa = PBXBuildFile;
			settings = {
				ATTRIBUTES = (
				);
			};
		};
		03070CDEFF009A5FC0A80A02 = {
			fileRef = 03070CBDFF009A5FC0A80A02;
			isa = PBXBuildFile;
			settings = {
				ATTRIBUTES = (
				);
			};
		};
		03070CDFFF009A5FC0A80A02 = {
			fileRef = 03070CBEFF009A5FC0A80A02;
			isa = PBXBuildFile;
			settings = {
				ATTRIBUTES = (
				);
			};
		};
		03070CE0FF009A5FC0A80A02 = {
			fileRef = 03070CBFFF009A5FC0A80A02;
			isa = PBXBuildFile;
			settings = {
				ATTRIBUTES = (
				);
			};
		};
		03070CE2FF009A5FC0A80A02 = {
			buildActionMask = 2147483647;
			files = (
				03070CE3FF009A5FC0A80A02,
			);
			isa = PBXFrameworksBuildPhase;
			runOnlyForDeploymentPostprocessing = 0;
		};
		03070CE3FF009A5FC0A80A02 = {
			fileRef = 03070CC8FF009A5FC0A80A02;
			isa = PBXBuildFile;
			settings = {
			};
		};
		03070CE4FF009A5FC0A80A02 = {
			buildActionMask = 2147483647;
			files = (
			);
			isa = PBXRezBuildPhase;
			runOnlyForDeploymentPostprocessing = 0;
		};
//030
//031
//032
//033
//034
//090
//091
//092
//093
//094
		09D3A82DFF9952EEC697A12D = {
			isa = PBXExecutableFileReference;
			path = "class-dump";
			refType = 3;
		};
	};
	rootObject = 03070CA4FF009A5FC0A80A02;
}
