{
	archiveVersion = 1;
	classes = {
	};
	objectVersion = 26;
	objects = {
		00E234EEFF05C45CC697A12D = {
			isa = PBXFileReference;
			path = OFObjCTypeFormatter.h;
			refType = 4;
		};
		00E234EFFF05C45CC697A12D = {
			isa = PBXFileReference;
			path = OFObjCTypeFormatter.m;
			refType = 4;
		};
		00E234F0FF05C45CC697A12D = {
			isa = PBXFrameworkReference;
			path = OmniBase.framework;
			refType = 3;
		};
		00E234F1FF05C45CC697A12D = {
			isa = PBXFrameworkReference;
			path = OmniFoundation.framework;
			refType = 3;
		};
		00E234F2FF05C45CC697A12D = {
			fileRef = 00E234EEFF05C45CC697A12D;
			isa = PBXBuildFile;
			settings = {
				INCLUDED_OSS = (
					MACOS,
					WINDOWS,
					PDOUNIX,
				);
			};
		};
		00E234F3FF05C45CC697A12D = {
			fileRef = 00E234EFFF05C45CC697A12D;
			isa = PBXBuildFile;
			settings = {
				ATTRIBUTES = (
					Debug,
				);
				INCLUDED_OSS = (
					MACOS,
					WINDOWS,
					PDOUNIX,
				);
			};
		};
		00E234F4FF05C45CC697A12D = {
			fileRef = 00E234F0FF05C45CC697A12D;
			isa = PBXBuildFile;
			settings = {
				INCLUDED_OSS = (
					MACOS,
					WINDOWS,
					PDOUNIX,
				);
			};
		};
		00E234F5FF05C45CC697A12D = {
			fileRef = 00E234F1FF05C45CC697A12D;
			isa = PBXBuildFile;
			settings = {
				INCLUDED_OSS = (
					MACOS,
					WINDOWS,
					PDOUNIX,
				);
			};
		};
		08FB7793FE84155DC02AAC07 = {
			isa = PBXProject;
			knownPlatforms = (
			);
			mainGroup = 08FB7794FE84155DC02AAC07;
			projectDirPath = .;
			targets = (
				08FB779FFE84155DC02AAC07,
			);
		};
		08FB7794FE84155DC02AAC07 = {
			children = (
				08FB7795FE84155DC02AAC07,
				08FB779DFE84155DC02AAC07,
				1AB674ADFE9D54B511CA2CBB,
			);
			isa = PBXGroup;
			name = FoundationTool;
			refType = 4;
		};
		08FB7795FE84155DC02AAC07 = {
			children = (
				08FB7796FE84155DC02AAC07,
				00E234EEFF05C45CC697A12D,
				00E234EFFF05C45CC697A12D,
			);
			isa = PBXGroup;
			name = Source;
			refType = 4;
		};
		08FB7796FE84155DC02AAC07 = {
			isa = PBXFileReference;
			path = main.m;
			refType = 4;
		};
		08FB779DFE84155DC02AAC07 = {
			children = (
				08FB779EFE84155DC02AAC07,
				00E234F0FF05C45CC697A12D,
				00E234F1FF05C45CC697A12D,
			);
			isa = PBXGroup;
			name = "External Frameworks and Libraries";
			refType = 4;
		};
		08FB779EFE84155DC02AAC07 = {
			isa = PBXFrameworkReference;
			name = Foundation.framework;
			path = /System/Library/Frameworks/Foundation.framework;
			refType = 0;
		};
		08FB779FFE84155DC02AAC07 = {
			buildPhases = (
				08FB77A0FE84155DC02AAC07,
				08FB77A1FE84155DC02AAC07,
				08FB77A3FE84155DC02AAC07,
				08FB77A5FE84155DC02AAC07,
			);
			buildSettings = {
				OPTIMIZATION_CFLAGS = "";
				OTHER_CFLAGS = "";
				OTHER_LDFLAGS = "";
				OTHER_REZFLAGS = "";
				REZ_EXECUTABLE = YES;
				SECTORDER_FLAGS = "";
				WARNING_CFLAGS = "-Wmost -Wno-four-char-constants -Wno-unknown-pragmas";
			};
			conditionalBuildSettings = {
			};
			dependencies = (
			);
			isa = PBXToolTarget;
			name = oform;
			productInstallPath = "$(HOME)/bin";
			productName = oform;
			productReference = 1AB674AEFE9D54B511CA2CBB;
			shouldUseHeadermap = 1;
		};
		08FB77A0FE84155DC02AAC07 = {
			buildActionMask = 2147483647;
			files = (
				00E234F2FF05C45CC697A12D,
			);
			isa = PBXHeadersBuildPhase;
			name = Headers;
		};
		08FB77A1FE84155DC02AAC07 = {
			buildActionMask = 2147483647;
			files = (
				08FB77A2FE84155DC02AAC07,
				00E234F3FF05C45CC697A12D,
			);
			isa = PBXSourcesBuildPhase;
			name = Sources;
		};
		08FB77A2FE84155DC02AAC07 = {
			fileRef = 08FB7796FE84155DC02AAC07;
			isa = PBXBuildFile;
			settings = {
				ATTRIBUTES = (
					Debug,
				);
				INCLUDED_OSS = (
					MACOS,
					WINDOWS,
					PDOUNIX,
				);
			};
		};
		08FB77A3FE84155DC02AAC07 = {
			buildActionMask = 2147483647;
			files = (
				08FB77A4FE84155DC02AAC07,
				00E234F4FF05C45CC697A12D,
				00E234F5FF05C45CC697A12D,
			);
			isa = PBXFrameworksBuildPhase;
			name = "Frameworks & Libraries";
		};
		08FB77A4FE84155DC02AAC07 = {
			fileRef = 08FB779EFE84155DC02AAC07;
			isa = PBXBuildFile;
			settings = {
				INCLUDED_OSS = (
					MACOS,
					WINDOWS,
					PDOUNIX,
				);
			};
		};
		08FB77A5FE84155DC02AAC07 = {
			buildActionMask = 2147483647;
			files = (
			);
			isa = PBXRezBuildPhase;
			name = "ResourceManager Resources";
		};
		1AB674ADFE9D54B511CA2CBB = {
			children = (
				1AB674AEFE9D54B511CA2CBB,
			);
			isa = PBXGroup;
			name = Products;
			refType = 4;
		};
		1AB674AEFE9D54B511CA2CBB = {
			isa = PBXFileReference;
			path = oform;
			refType = 3;
		};
	};
	rootObject = 08FB7793FE84155DC02AAC07;
}
